lockfileVersion: '6.0'

settings:
  autoInstallPeers: true
  excludeLinksFromLockfile: false

devDependencies:
  prisma:
    specifier: ^5.10.2
    version: 5.10.2

packages:

  /@prisma/debug@5.10.2:
    resolution: {integrity: sha512-bkBOmH9dpEBbMKFJj8V+Zp8IZHIBjy3fSyhLhxj4FmKGb/UBSt9doyfA6k1UeUREsMJft7xgPYBbHSOYBr8XCA==}
    dev: true

  /@prisma/engines-version@5.10.0-34.5a9203d0590c951969e85a7d07215503f4672eb9:
    resolution: {integrity: sha512-uCy/++3Jx/O3ufM+qv2H1L4tOemTNqcP/gyEVOlZqTpBvYJUe0tWtW0y3o2Ueq04mll4aM5X3f6ugQftOSLdFQ==}
    dev: true

  /@prisma/engines@5.10.2:
    resolution: {integrity: sha512-HkSJvix6PW8YqEEt3zHfCYYJY69CXsNdhU+wna+4Y7EZ+AwzeupMnUThmvaDA7uqswiHkgm5/SZ6/4CStjaGmw==}
    requiresBuild: true
    dependencies:
      '@prisma/debug': 5.10.2
      '@prisma/engines-version': 5.10.0-34.5a9203d0590c951969e85a7d07215503f4672eb9
      '@prisma/fetch-engine': 5.10.2
      '@prisma/get-platform': 5.10.2
    dev: true

  /@prisma/fetch-engine@5.10.2:
    resolution: {integrity: sha512-dSmXcqSt6DpTmMaLQ9K8ZKzVAMH3qwGCmYEZr/uVnzVhxRJ1EbT/w2MMwIdBNq1zT69Rvh0h75WMIi0mrIw7Hg==}
    dependencies:
      '@prisma/debug': 5.10.2
      '@prisma/engines-version': 5.10.0-34.5a9203d0590c951969e85a7d07215503f4672eb9
      '@prisma/get-platform': 5.10.2
    dev: true

  /@prisma/get-platform@5.10.2:
    resolution: {integrity: sha512-nqXP6vHiY2PIsebBAuDeWiUYg8h8mfjBckHh6Jezuwej0QJNnjDiOq30uesmg+JXxGk99nqyG3B7wpcOODzXvg==}
    dependencies:
      '@prisma/debug': 5.10.2
    dev: true

  /prisma@5.10.2:
    resolution: {integrity: sha512-hqb/JMz9/kymRE25pMWCxkdyhbnIWrq+h7S6WysJpdnCvhstbJSNP/S6mScEcqiB8Qv2F+0R3yG+osRaWqZacQ==}
    engines: {node: '>=16.13'}
    hasBin: true
    requiresBuild: true
    dependencies:
      '@prisma/engines': 5.10.2
    dev: true
